
Microsoft Visual Studio Solution File, Format Version 12.00
# Visual Studio Version 17
VisualStudioVersion = 17.7.34024.191
MinimumVisualStudioVersion = 10.0.40219.1
Project("{FAE04EC0-301F-11D3-BF4B-00C04F79EFBC}") = "YGODBExtractor", "YGODBExtractor.csproj", "{A17B85E1-D6D1-4A0B-83DF-EB08585D781D}"
EndProject
Global
	GlobalSection(SolutionConfigurationPlatforms) = preSolution
		Debug|Any CPU = Debug|Any CPU
		Release|Any CPU = Release|Any CPU
	EndGlobalSection
	GlobalSection(ProjectConfigurationPlatforms) = postSolution
		{A17B85E1-D6D1-4A0B-83DF-EB08585D781D}.Debug|Any CPU.ActiveCfg = Debug|Any CPU
		{A17B85E1-D6D1-4A0B-83DF-EB08585D781D}.Debug|Any CPU.Build.0 = Debug|Any CPU
		{A17B85E1-D6D1-4A0B-83DF-EB08585D781D}.Release|Any CPU.ActiveCfg = Release|Any CPU
		{A17B85E1-D6D1-4A0B-83DF-EB08585D781D}.Release|Any CPU.Build.0 = Release|Any CPU
	EndGlobalSection
	GlobalSection(SolutionProperties) = preSolution
		HideSolutionNode = FALSE
	EndGlobalSection
	GlobalSection(ExtensibilityGlobals) = postSolution
		SolutionGuid = {C9848CE0-A0A0-440B-A5A5-B23BA9AB8329}
	EndGlobalSection
EndGlobal
